schema: '2.0'
stages:
  data_ingestion:
    cmd: python src/deepClassifier/pipeline/stage_01_data_ingestion.py
    deps:
    - path: configs/config.yaml
      md5: 58154477eb3f4c9c399acfd393ded468
      size: 819
    - path: src/deepClassifier/pipeline/stage_01_data_ingestion.py
      md5: cc62c8c5edfb0f56a5e9b13eb405e78d
      size: 723
    outs:
    - path: artifacts/data_ingestion/PetImages
      md5: 3a5cf86541f22c236620ce5b952ad684.dir
      size: 848866410
      nfiles: 24998
  prepare_base_model:
    cmd: python src/deepClassifier/pipeline/stage_02_prepare_base_model
    deps:
    - path: configs/config.yaml
      md5: 58154477eb3f4c9c399acfd393ded468
      size: 819
    - path: src/deepClassifier/pipeline/stage_02_prepare_base_model
      md5: bb3cb8ae29982d61607760cbbc29e3bf
      size: 760
    params:
      params.yaml:
        CLASSES: 2
        IMAGE_SIZE:
        - 224
        - 224
        - 3
        INCLUDE_TOP: false
        LEARNING_RATE: 0.02
        WEIGHTS: imagenet
    outs:
    - path: artifacts/prepare_base_model
      md5: ee4149a2538886bc415ef582fd11cffe.dir
      size: 118053368
      nfiles: 2
  training:
    cmd: python src/deepClassifier/pipeline/stage_03_training.py
    deps:
    - path: artifacts/data_ingestion/PetImages
      md5: 3a5cf86541f22c236620ce5b952ad684.dir
      size: 848866410
      nfiles: 24998
    - path: artifacts/prepare_base_model
      md5: ee4149a2538886bc415ef582fd11cffe.dir
      size: 118053368
      nfiles: 2
    - path: configs/config.yaml
      md5: 58154477eb3f4c9c399acfd393ded468
      size: 819
    - path: src/deepClassifier/components/prepare_callback.py
      md5: db99ac6bde25270680aa114a40344cba
      size: 885
    - path: src/deepClassifier/pipeline/stage_03_training.py
      md5: a2beb2ea28befbf985c421f6d2ca7a9b
      size: 1004
    params:
      params.yaml:
        AUGMENTATION: true
        BATCH_SIZE: 32
        EPOCHS: 10
        IMAGE_SIZE:
        - 224
        - 224
        - 3
    outs:
    - path: artifacts/training/model.h5
      md5: 7dbf1c3a6f299422589216ca8c7689ed
      size: 59135136
  evaluation:
    cmd: python src/deepClassifier/pipeline/stage_04_evaluation.py
    deps:
    - path: artifacts/data_ingestion/PetImages
      md5: 3a5cf86541f22c236620ce5b952ad684.dir
      size: 848866410
      nfiles: 24998
    - path: artifacts/training/model.h5
      md5: 7dbf1c3a6f299422589216ca8c7689ed
      size: 59135136
    - path: configs/config.yaml
      md5: 58154477eb3f4c9c399acfd393ded468
      size: 819
    - path: src/deepClassifier/pipeline/stage_04_evaluation.py
      md5: bfc194c1d34215d582d53b438336a8f2
      size: 707
    params:
      params.yaml:
        BATCH_SIZE: 32
        IMAGE_SIZE:
        - 224
        - 224
        - 3
    outs:
    - path: scores.json
      md5: 05eb93728991fa9663e17e0c3522e2a7
      size: 73
