schema: '2.0'
stages:
  data_ingestion:
    cmd: python src/deepClassifier/pipeline/stage_01_data_ingestion.py
    deps:
    - path: configs/config.yaml
      md5: 5983115f7e6063d6399e24eb68c0344b
      size: 1183
    - path: src/deepClassifier/pipeline/stage_01_data_ingestion.py
      md5: debcb7d1915efdf421334d721e9a926c
      size: 762
    outs:
    - path: artifacts/data_ingestion/PetImages
      md5: 3a5cf86541f22c236620ce5b952ad684.dir
      size: 848866410
      nfiles: 24998
    - path: artifacts/data_ingestion/test
      md5: 0999c0dfcbfe5cb1950775a8642f776f.dir
      size: 171820346
      nfiles: 5000
    - path: artifacts/data_ingestion/train
      md5: 15b7829248c1a516110badfa67ad8633.dir
      size: 677046064
      nfiles: 19998
  prepare_base_model:
    cmd: python src/deepClassifier/pipeline/stage_02_prepare_base_model.py
    deps:
    - path: configs/config.yaml
      md5: 5983115f7e6063d6399e24eb68c0344b
      size: 1183
    - path: src/deepClassifier/pipeline/stage_02_prepare_base_model.py
      md5: 24f30fc9aa1f693524175eb5bc0d42a9
      size: 795
    params:
      params.yaml:
        CLASSES: 2
        IMAGE_SIZE:
        - 224
        - 224
        - 3
        INCLUDE_TOP: false
        LEARNING_RATE: 0.02
        WEIGHTS: imagenet
    outs:
    - path: artifacts/prepare_base_model
      md5: 87b940323983c1b20e240d4ef43de300.dir
      size: 118053368
      nfiles: 2
  training:
    cmd: python src/deepClassifier/pipeline/stage_03_training.py
    deps:
    - path: artifacts/data_ingestion/train
      md5: 15b7829248c1a516110badfa67ad8633.dir
      size: 677046064
      nfiles: 19998
    - path: artifacts/prepare_base_model
      md5: 87b940323983c1b20e240d4ef43de300.dir
      size: 118053368
      nfiles: 2
    - path: configs/config.yaml
      md5: 5983115f7e6063d6399e24eb68c0344b
      size: 1183
    - path: src/deepClassifier/components/prepare_callback.py
      md5: 22b2461467cfe68757e73c59af597e15
      size: 852
    - path: src/deepClassifier/pipeline/stage_03_training.py
      md5: 31aa2212bbd91882e331e91ba4483f54
      size: 1006
    params:
      params.yaml:
        AUGMENTATION: true
        BATCH_SIZE: 16
        EPOCHS: 1
        IMAGE_SIZE:
        - 224
        - 224
        - 3
    outs:
    - path: artifacts/training/model.h5
      md5: 925d40f4ae0244d2b0b85598812393a1
      size: 59135136
  evaluation:
    cmd: python src/deepClassifier/pipeline/stage_04_evaluation.py
    deps:
    - path: artifacts/data_ingestion/test
      md5: 0999c0dfcbfe5cb1950775a8642f776f.dir
      size: 171820346
      nfiles: 5000
    - path: artifacts/training/model.h5
      md5: 925d40f4ae0244d2b0b85598812393a1
      size: 59135136
    - path: configs/config.yaml
      md5: 5983115f7e6063d6399e24eb68c0344b
      size: 1183
    - path: src/deepClassifier/pipeline/stage_04_evaluation.py
      md5: 2d4c2c63564af5c33d3bf2038ccccd5f
      size: 713
    params:
      params.yaml:
        BATCH_SIZE: 16
        IMAGE_SIZE:
        - 224
        - 224
        - 3
    outs:
    - path: scores.json
      md5: 2b79d70c18a12ee6f3a0e3af8056d936
      size: 73
  cicd:
    cmd: python src/deepClassifier/pipeline/stage_05_CICD.py
    deps:
    - path: configs/config.yaml
      md5: 5983115f7e6063d6399e24eb68c0344b
      size: 1183
    - path: src/deepClassifier/pipeline/stage_05_CICD.py
      md5: e405fb8350899f7a6b2fd7a36cd152bd
      size: 712
